github.com/gorilla/websocket v1.5.3 h1:saDtZ6Pbx/0u+bgYQ3q96pZgCzfhKXGPqt7kZ72aNNg=
github.com/gorilla/websocket v1.5.3/go.mod h1:YR8l580nyteQvAITg2hZ9XVh4b55+EU/adAjf1fMHhE=
github.com/quii/learn-go-with-tests v0.0.0-20241025062328-cf0f9d83adf3 h1:/P8sMhpMEs6UmiygKYRpO3iLbTtRA7gQNg1b1vtU1Xk=
github.com/quii/learn-go-with-tests v0.0.0-20241025062328-cf0f9d83adf3/go.mod h1:HK2bco+N8cOpo3OdU+8lwnc3ZX1jei8MUYdWgdjsKd0=
